
Microsoft Visual Studio Solution File, Format Version 12.00
# Visual Studio Version 16
VisualStudioVersion = 16.0.32002.261
MinimumVisualStudioVersion = 10.0.40219.1
Project("{FAE04EC0-301F-11D3-BF4B-00C04F79EFBC}") = "Swagger", "Swagger\Swagger.csproj", "{3CE09812-3DDC-4CD8-A85F-2B61F07E4480}"
EndProject
Global
	GlobalSection(SolutionConfigurationPlatforms) = preSolution
		Debug|Any CPU = Debug|Any CPU
		Release|Any CPU = Release|Any CPU
	EndGlobalSection
	GlobalSection(ProjectConfigurationPlatforms) = postSolution
		{3CE09812-3DDC-4CD8-A85F-2B61F07E4480}.Debug|Any CPU.ActiveCfg = Debug|Any CPU
		{3CE09812-3DDC-4CD8-A85F-2B61F07E4480}.Debug|Any CPU.Build.0 = Debug|Any CPU
		{3CE09812-3DDC-4CD8-A85F-2B61F07E4480}.Release|Any CPU.ActiveCfg = Release|Any CPU
		{3CE09812-3DDC-4CD8-A85F-2B61F07E4480}.Release|Any CPU.Build.0 = Release|Any CPU
	EndGlobalSection
	GlobalSection(SolutionProperties) = preSolution
		HideSolutionNode = FALSE
	EndGlobalSection
	GlobalSection(ExtensibilityGlobals) = postSolution
		SolutionGuid = {E14EF588-B773-4232-A8B6-0D279E821F05}
	EndGlobalSection
EndGlobal
